
Microsoft Visual Studio Solution File, Format Version 12.00
# Visual Studio Version 17
VisualStudioVersion = 17.8.34525.116
MinimumVisualStudioVersion = 10.0.40219.1
Project("{FAE04EC0-301F-11D3-BF4B-00C04F79EFBC}") = "CsharpApi", "CsharpApi.csproj", "{7DAF6016-E51B-46E4-83BF-914D45BC0D76}"
EndProject
Global
	GlobalSection(SolutionConfigurationPlatforms) = preSolution
		Debug|Any CPU = Debug|Any CPU
		Release|Any CPU = Release|Any CPU
	EndGlobalSection
	GlobalSection(ProjectConfigurationPlatforms) = postSolution
		{7DAF6016-E51B-46E4-83BF-914D45BC0D76}.Debug|Any CPU.ActiveCfg = Debug|Any CPU
		{7DAF6016-E51B-46E4-83BF-914D45BC0D76}.Debug|Any CPU.Build.0 = Debug|Any CPU
		{7DAF6016-E51B-46E4-83BF-914D45BC0D76}.Release|Any CPU.ActiveCfg = Release|Any CPU
		{7DAF6016-E51B-46E4-83BF-914D45BC0D76}.Release|Any CPU.Build.0 = Release|Any CPU
	EndGlobalSection
	GlobalSection(SolutionProperties) = preSolution
		HideSolutionNode = FALSE
	EndGlobalSection
	GlobalSection(ExtensibilityGlobals) = postSolution
		SolutionGuid = {E9BB2904-9E02-4873-B48E-4C83E172B0C6}
	EndGlobalSection
EndGlobal
